
Microsoft Visual Studio Solution File, Format Version 12.00
# Visual Studio Version 17
VisualStudioVersion = 17.4.33103.184
MinimumVisualStudioVersion = 10.0.40219.1
Project("{FAE04EC0-301F-11D3-BF4B-00C04F79EFBC}") = "Snake", "Snake\Snake.csproj", "{EBC87461-83C5-432F-8117-EF6651AC4B8E}"
EndProject
Global
	GlobalSection(SolutionConfigurationPlatforms) = preSolution
		Debug|Any CPU = Debug|Any CPU
		Release|Any CPU = Release|Any CPU
	EndGlobalSection
	GlobalSection(ProjectConfigurationPlatforms) = postSolution
		{EBC87461-83C5-432F-8117-EF6651AC4B8E}.Debug|Any CPU.ActiveCfg = Debug|Any CPU
		{EBC87461-83C5-432F-8117-EF6651AC4B8E}.Debug|Any CPU.Build.0 = Debug|Any CPU
		{EBC87461-83C5-432F-8117-EF6651AC4B8E}.Release|Any CPU.ActiveCfg = Release|Any CPU
		{EBC87461-83C5-432F-8117-EF6651AC4B8E}.Release|Any CPU.Build.0 = Release|Any CPU
	EndGlobalSection
	GlobalSection(SolutionProperties) = preSolution
		HideSolutionNode = FALSE
	EndGlobalSection
	GlobalSection(ExtensibilityGlobals) = postSolution
		SolutionGuid = {92962FCC-162C-4672-B733-14292546A37C}
	EndGlobalSection
EndGlobal
